
Microsoft Visual Studio Solution File, Format Version 12.00
# Visual Studio Version 16
VisualStudioVersion = 16.0.29519.87
MinimumVisualStudioVersion = 10.0.40219.1
Project("{FAE04EC0-301F-11D3-BF4B-00C04F79EFBC}") = "ImagingTask", "ImagingTask\ImagingTask.csproj", "{8CDE93F3-3451-4742-9AD9-02CA57DB3125}"
EndProject
Global
	GlobalSection(SolutionConfigurationPlatforms) = preSolution
		Debug|Any CPU = Debug|Any CPU
		Release|Any CPU = Release|Any CPU
	EndGlobalSection
	GlobalSection(ProjectConfigurationPlatforms) = postSolution
		{8CDE93F3-3451-4742-9AD9-02CA57DB3125}.Debug|Any CPU.ActiveCfg = Debug|Any CPU
		{8CDE93F3-3451-4742-9AD9-02CA57DB3125}.Debug|Any CPU.Build.0 = Debug|Any CPU
		{8CDE93F3-3451-4742-9AD9-02CA57DB3125}.Release|Any CPU.ActiveCfg = Release|Any CPU
		{8CDE93F3-3451-4742-9AD9-02CA57DB3125}.Release|Any CPU.Build.0 = Release|Any CPU
	EndGlobalSection
	GlobalSection(SolutionProperties) = preSolution
		HideSolutionNode = FALSE
	EndGlobalSection
	GlobalSection(ExtensibilityGlobals) = postSolution
		SolutionGuid = {40EBF762-84C8-45CA-8391-71FC58B8A2A2}
	EndGlobalSection
EndGlobal
